
Microsoft Visual Studio Solution File, Format Version 12.00
# Visual Studio Version 16
VisualStudioVersion = 16.0.28803.202
MinimumVisualStudioVersion = 10.0.40219.1
Project("{FAE04EC0-301F-11D3-BF4B-00C04F79EFBC}") = "ProxyGG", "ProxyGGAPI\ProxyGG.csproj", "{A9EE8AAD-9AE8-4DC6-AF68-74017AC4911B}"
EndProject
Global
	GlobalSection(SolutionConfigurationPlatforms) = preSolution
		Debug|Any CPU = Debug|Any CPU
		Release|Any CPU = Release|Any CPU
	EndGlobalSection
	GlobalSection(ProjectConfigurationPlatforms) = postSolution
		{A9EE8AAD-9AE8-4DC6-AF68-74017AC4911B}.Debug|Any CPU.ActiveCfg = Debug|Any CPU
		{A9EE8AAD-9AE8-4DC6-AF68-74017AC4911B}.Debug|Any CPU.Build.0 = Debug|Any CPU
		{A9EE8AAD-9AE8-4DC6-AF68-74017AC4911B}.Release|Any CPU.ActiveCfg = Release|Any CPU
		{A9EE8AAD-9AE8-4DC6-AF68-74017AC4911B}.Release|Any CPU.Build.0 = Release|Any CPU
	EndGlobalSection
	GlobalSection(SolutionProperties) = preSolution
		HideSolutionNode = FALSE
	EndGlobalSection
	GlobalSection(ExtensibilityGlobals) = postSolution
		SolutionGuid = {36B5CCC7-32E7-49EE-BB25-EB0CE3DFAEC5}
	EndGlobalSection
EndGlobal
